{
    "_meta": {
        "hash": {
            "sha256": "978dd9e4d0574d4c56f33a98a93bd6b62c27671c53f11d6cd656de0e50e027f6"
        },
        "pipfile-spec": 6,
        "requires": {
            "python_version": "3.11"
        },
        "sources": [
            {
                "name": "pypi",
                "url": "https://pypi.org/simple",
                "verify_ssl": true
            }
        ]
    },
    "default": {
        "asgiref": {
            "hashes": [
                "sha256:33958cb2e4b3cd8b1b06ef295bd8605cde65b11df51d3beab39e2e149a610ab3",
                "sha256:8de379fcc383bcfe4507e229fc31209ea23d4831c850f74063b2c11639474dd2"
            ],
            "markers": "python_version >= '3.7'",
            "version": "==3.7.1"
        },
        "django": {
            "hashes": [
                "sha256:066b6debb5ac335458d2a713ed995570536c8b59a580005acb0732378d5eb1ee",
                "sha256:7efa6b1f781a6119a10ac94b4794ded90db8accbe7802281cd26f8664ffed59c"
            ],
            "markers": "python_version >= '3.8'",
            "version": "==4.2.1"
        },
        "django-filter": {
            "hashes": [
                "sha256:2fe15f78108475eda525692813205fa6f9e8c1caf1ae65daa5862d403c6dbf00",
                "sha256:d12d8e0fc6d3eb26641e553e5d53b191eb8cec611427d4bdce0becb1f7c172b5"
            ],
            "index": "pypi",
            "version": "==23.2"
        },
        "sqlparse": {
            "hashes": [
                "sha256:5430a4fe2ac7d0f93e66f1efc6e1338a41884b7ddf2a350cedd20ccc4d9d28f3",
                "sha256:d446183e84b8349fa3061f0fe7f06ca94ba65b426946ffebe6e3e8295332420c"
            ],
            "markers": "python_version >= '3.5'",
            "version": "==0.4.4"
        }
    },
    "develop": {}
}
